
Microsoft Visual Studio Solution File, Format Version 12.00
# Visual Studio 15
VisualStudioVersion = 15.0.28307.168
MinimumVisualStudioVersion = 10.0.40219.1
Project("{FAE04EC0-301F-11D3-BF4B-00C04F79EFBC}") = "Archimedes", "Archimedes\Archimedes.csproj", "{0FF46461-C4E9-429C-9772-ED230DA4F0FF}"
EndProject
Project("{FAE04EC0-301F-11D3-BF4B-00C04F79EFBC}") = "MensurationByParts", "MensurationByParts\MensurationByParts.csproj", "{BD75A3E3-B6A0-493E-97BD-5AF2488A542F}"
EndProject
Project("{FAE04EC0-301F-11D3-BF4B-00C04F79EFBC}") = "LeibnizFormula", "LeibnizFormula\LeibnizFormula.csproj", "{733C2F13-5821-4329-980F-93E47C6F447E}"
EndProject
Global
	GlobalSection(SolutionConfigurationPlatforms) = preSolution
		Debug|Any CPU = Debug|Any CPU
		Release|Any CPU = Release|Any CPU
	EndGlobalSection
	GlobalSection(ProjectConfigurationPlatforms) = postSolution
		{0FF46461-C4E9-429C-9772-ED230DA4F0FF}.Debug|Any CPU.ActiveCfg = Debug|Any CPU
		{0FF46461-C4E9-429C-9772-ED230DA4F0FF}.Debug|Any CPU.Build.0 = Debug|Any CPU
		{0FF46461-C4E9-429C-9772-ED230DA4F0FF}.Release|Any CPU.ActiveCfg = Release|Any CPU
		{0FF46461-C4E9-429C-9772-ED230DA4F0FF}.Release|Any CPU.Build.0 = Release|Any CPU
		{BD75A3E3-B6A0-493E-97BD-5AF2488A542F}.Debug|Any CPU.ActiveCfg = Debug|Any CPU
		{BD75A3E3-B6A0-493E-97BD-5AF2488A542F}.Debug|Any CPU.Build.0 = Debug|Any CPU
		{BD75A3E3-B6A0-493E-97BD-5AF2488A542F}.Release|Any CPU.ActiveCfg = Release|Any CPU
		{BD75A3E3-B6A0-493E-97BD-5AF2488A542F}.Release|Any CPU.Build.0 = Release|Any CPU
		{733C2F13-5821-4329-980F-93E47C6F447E}.Debug|Any CPU.ActiveCfg = Debug|Any CPU
		{733C2F13-5821-4329-980F-93E47C6F447E}.Debug|Any CPU.Build.0 = Debug|Any CPU
		{733C2F13-5821-4329-980F-93E47C6F447E}.Release|Any CPU.ActiveCfg = Release|Any CPU
		{733C2F13-5821-4329-980F-93E47C6F447E}.Release|Any CPU.Build.0 = Release|Any CPU
	EndGlobalSection
	GlobalSection(SolutionProperties) = preSolution
		HideSolutionNode = FALSE
	EndGlobalSection
	GlobalSection(ExtensibilityGlobals) = postSolution
		SolutionGuid = {69BEA0C7-4587-441A-BED5-1BB2B8F71C9E}
	EndGlobalSection
EndGlobal
