
Microsoft Visual Studio Solution File, Format Version 12.00
# Visual Studio Version 16
VisualStudioVersion = 16.0.28803.156
MinimumVisualStudioVersion = 10.0.40219.1
Project("{FAE04EC0-301F-11D3-BF4B-00C04F79EFBC}") = "ActiveWindowMonitor", "ActiveWindowMonitor.csproj", "{AD9C5A19-EDCF-4E62-B534-F27D0C95F93E}"
EndProject
Global
	GlobalSection(SolutionConfigurationPlatforms) = preSolution
		Debug|Any CPU = Debug|Any CPU
		Release|Any CPU = Release|Any CPU
	EndGlobalSection
	GlobalSection(ProjectConfigurationPlatforms) = postSolution
		{AD9C5A19-EDCF-4E62-B534-F27D0C95F93E}.Debug|Any CPU.ActiveCfg = Debug|Any CPU
		{AD9C5A19-EDCF-4E62-B534-F27D0C95F93E}.Debug|Any CPU.Build.0 = Debug|Any CPU
		{AD9C5A19-EDCF-4E62-B534-F27D0C95F93E}.Release|Any CPU.ActiveCfg = Release|Any CPU
		{AD9C5A19-EDCF-4E62-B534-F27D0C95F93E}.Release|Any CPU.Build.0 = Release|Any CPU
	EndGlobalSection
	GlobalSection(SolutionProperties) = preSolution
		HideSolutionNode = FALSE
	EndGlobalSection
	GlobalSection(ExtensibilityGlobals) = postSolution
		SolutionGuid = {E3797ECD-7A5E-4460-8DA4-3A9CF1B9EC87}
	EndGlobalSection
EndGlobal
