
Microsoft Visual Studio Solution File, Format Version 12.00
# Visual Studio 15
VisualStudioVersion = 15.0.28307.489
MinimumVisualStudioVersion = 10.0.40219.1
Project("{FAE04EC0-301F-11D3-BF4B-00C04F79EFBC}") = "ExecuteExternalInCS", "ExecuteExternalInCS.csproj", "{4C23FD9C-6517-404E-8A89-05A64D31890D}"
EndProject
Global
	GlobalSection(SolutionConfigurationPlatforms) = preSolution
		Debug|Any CPU = Debug|Any CPU
		Release|Any CPU = Release|Any CPU
	EndGlobalSection
	GlobalSection(ProjectConfigurationPlatforms) = postSolution
		{4C23FD9C-6517-404E-8A89-05A64D31890D}.Debug|Any CPU.ActiveCfg = Debug|Any CPU
		{4C23FD9C-6517-404E-8A89-05A64D31890D}.Debug|Any CPU.Build.0 = Debug|Any CPU
		{4C23FD9C-6517-404E-8A89-05A64D31890D}.Release|Any CPU.ActiveCfg = Release|Any CPU
		{4C23FD9C-6517-404E-8A89-05A64D31890D}.Release|Any CPU.Build.0 = Release|Any CPU
	EndGlobalSection
	GlobalSection(SolutionProperties) = preSolution
		HideSolutionNode = FALSE
	EndGlobalSection
	GlobalSection(ExtensibilityGlobals) = postSolution
		SolutionGuid = {55B2EAD5-0CD7-44CE-B880-4BF012D2CBDC}
	EndGlobalSection
EndGlobal
